// !$*UTF8*$!
{
	archiveVersion = 1;
	classes = {
	};
	objectVersion = 46;
	objects = {

/* Begin PBXBuildFile section */
		154412171CA7990C0056700C /* AppDelegate.swift in Sources */ = {isa = PBXBuildFile; fileRef = 154412161CA7990C0056700C /* AppDelegate.swift */; };
		154412191CA7990C0056700C /* ViewController.swift in Sources */ = {isa = PBXBuildFile; fileRef = 154412181CA7990C0056700C /* ViewController.swift */; };
		1544121C1CA7990C0056700C /* Main.storyboard in Resources */ = {isa = PBXBuildFile; fileRef = 1544121A1CA7990C0056700C /* Main.storyboard */; };
		1544121E1CA7990C0056700C /* Assets.xcassets in Resources */ = {isa = PBXBuildFile; fileRef = 1544121D1CA7990C0056700C /* Assets.xcassets */; };
		154412211CA7990C0056700C /* LaunchScreen.storyboard in Resources */ = {isa = PBXBuildFile; fileRef = 1544121F1CA7990C0056700C /* LaunchScreen.storyboard */; };
		158CF8C91CA79A3300432A83 /* Barcode.swift in Sources */ = {isa = PBXBuildFile; fileRef = 158CF8C61CA79A3300432A83 /* Barcode.swift */; };
		158CF8CA1CA79A3300432A83 /* BarcodeFinderView.swift in Sources */ = {isa = PBXBuildFile; fileRef = 158CF8C71CA79A3300432A83 /* BarcodeFinderView.swift */; };
		158CF8CB1CA79A3300432A83 /* BarcodeScannerViewController.swift in Sources */ = {isa = PBXBuildFile; fileRef = 158CF8C81CA79A3300432A83 /* BarcodeScannerViewController.swift */; };
		158CF8DE1CA79C4C00432A83 /* Alamofire.framework in Frameworks */ = {isa = PBXBuildFile; fileRef = 158CF8DC1CA79C4C00432A83 /* Alamofire.framework */; };
		158CF8DF1CA79C4C00432A83 /* Alamofire.framework in Embed Frameworks */ = {isa = PBXBuildFile; fileRef = 158CF8DC1CA79C4C00432A83 /* Alamofire.framework */; settings = {ATTRIBUTES = (CodeSignOnCopy, RemoveHeadersOnCopy, ); }; };
		158CF8E01CA79C4C00432A83 /* SwiftyJSON.framework in Frameworks */ = {isa = PBXBuildFile; fileRef = 158CF8DD1CA79C4C00432A83 /* SwiftyJSON.framework */; };
		158CF8E11CA79C4C00432A83 /* SwiftyJSON.framework in Embed Frameworks */ = {isa = PBXBuildFile; fileRef = 158CF8DD1CA79C4C00432A83 /* SwiftyJSON.framework */; settings = {ATTRIBUTES = (CodeSignOnCopy, RemoveHeadersOnCopy, ); }; };
/* End PBXBuildFile section */

/* Begin PBXCopyFilesBuildPhase section */
		158CF8E21CA79C4D00432A83 /* Embed Frameworks */ = {
			isa = PBXCopyFilesBuildPhase;
			buildActionMask = 2147483647;
			dstPath = "";
			dstSubfolderSpec = 10;
			files = (
				158CF8E11CA79C4C00432A83 /* SwiftyJSON.framework in Embed Frameworks */,
				158CF8DF1CA79C4C00432A83 /* Alamofire.framework in Embed Frameworks */,
			);
			name = "Embed Frameworks";
			runOnlyForDeploymentPostprocessing = 0;
		};
/* End PBXCopyFilesBuildPhase section */

/* Begin PBXFileReference section */
		154412131CA7990C0056700C /* BarcodeCheckoutUser.app */ = {isa = PBXFileReference; explicitFileType = wrapper.application; includeInIndex = 0; path = BarcodeCheckoutUser.app; sourceTree = BUILT_PRODUCTS_DIR; };
		154412161CA7990C0056700C /* AppDelegate.swift */ = {isa = PBXFileReference; lastKnownFileType = sourcecode.swift; path = AppDelegate.swift; sourceTree = "<group>"; };
		154412181CA7990C0056700C /* ViewController.swift */ = {isa = PBXFileReference; lastKnownFileType = sourcecode.swift; path = ViewController.swift; sourceTree = "<group>"; };
		1544121B1CA7990C0056700C /* Base */ = {isa = PBXFileReference; lastKnownFileType = file.storyboard; name = Base; path = Base.lproj/Main.storyboard; sourceTree = "<group>"; };
		1544121D1CA7990C0056700C /* Assets.xcassets */ = {isa = PBXFileReference; lastKnownFileType = folder.assetcatalog; path = Assets.xcassets; sourceTree = "<group>"; };
		154412201CA7990C0056700C /* Base */ = {isa = PBXFileReference; lastKnownFileType = file.storyboard; name = Base; path = Base.lproj/LaunchScreen.storyboard; sourceTree = "<group>"; };
		154412221CA7990C0056700C /* Info.plist */ = {isa = PBXFileReference; lastKnownFileType = text.plist.xml; path = Info.plist; sourceTree = "<group>"; };
		158CF8C61CA79A3300432A83 /* Barcode.swift */ = {isa = PBXFileReference; fileEncoding = 4; lastKnownFileType = sourcecode.swift; path = Barcode.swift; sourceTree = "<group>"; };
		158CF8C71CA79A3300432A83 /* BarcodeFinderView.swift */ = {isa = PBXFileReference; fileEncoding = 4; lastKnownFileType = sourcecode.swift; path = BarcodeFinderView.swift; sourceTree = "<group>"; };
		158CF8C81CA79A3300432A83 /* BarcodeScannerViewController.swift */ = {isa = PBXFileReference; fileEncoding = 4; lastKnownFileType = sourcecode.swift; path = BarcodeScannerViewController.swift; sourceTree = "<group>"; };
		158CF8DC1CA79C4C00432A83 /* Alamofire.framework */ = {isa = PBXFileReference; lastKnownFileType = wrapper.framework; name = Alamofire.framework; path = ../Carthage/Build/iOS/Alamofire.framework; sourceTree = "<group>"; };
		158CF8DD1CA79C4C00432A83 /* SwiftyJSON.framework */ = {isa = PBXFileReference; lastKnownFileType = wrapper.framework; name = SwiftyJSON.framework; path = ../Carthage/Build/iOS/SwiftyJSON.framework; sourceTree = "<group>"; };
/* End PBXFileReference section */

/* Begin PBXFrameworksBuildPhase section */
		154412101CA7990C0056700C /* Frameworks */ = {
			isa = PBXFrameworksBuildPhase;
			buildActionMask = 2147483647;
			files = (
				158CF8E01CA79C4C00432A83 /* SwiftyJSON.framework in Frameworks */,
				158CF8DE1CA79C4C00432A83 /* Alamofire.framework in Frameworks */,
			);
			runOnlyForDeploymentPostprocessing = 0;
		};
/* End PBXFrameworksBuildPhase section */

/* Begin PBXGroup section */
		1544120A1CA7990C0056700C = {
			isa = PBXGroup;
			children = (
				154412151CA7990C0056700C /* BarcodeCheckoutUser */,
				154412141CA7990C0056700C /* Products */,
			);
			sourceTree = "<group>";
		};
		154412141CA7990C0056700C /* Products */ = {
			isa = PBXGroup;
			children = (
				154412131CA7990C0056700C /* BarcodeCheckoutUser.app */,
			);
			name = Products;
			sourceTree = "<group>";
		};
		154412151CA7990C0056700C /* BarcodeCheckoutUser */ = {
			isa = PBXGroup;
			children = (
				158CF8DB1CA79C3200432A83 /* Frameworks */,
				158CF8C51CA79A2600432A83 /* BarcodeScanner */,
				154412161CA7990C0056700C /* AppDelegate.swift */,
				154412181CA7990C0056700C /* ViewController.swift */,
				1544121A1CA7990C0056700C /* Main.storyboard */,
				1544121D1CA7990C0056700C /* Assets.xcassets */,
				1544121F1CA7990C0056700C /* LaunchScreen.storyboard */,
				154412221CA7990C0056700C /* Info.plist */,
			);
			path = BarcodeCheckoutUser;
			sourceTree = "<group>";
		};
		158CF8C51CA79A2600432A83 /* BarcodeScanner */ = {
			isa = PBXGroup;
			children = (
				158CF8C61CA79A3300432A83 /* Barcode.swift */,
				158CF8C71CA79A3300432A83 /* BarcodeFinderView.swift */,
				158CF8C81CA79A3300432A83 /* BarcodeScannerViewController.swift */,
			);
			name = BarcodeScanner;
			sourceTree = "<group>";
		};
		158CF8DB1CA79C3200432A83 /* Frameworks */ = {
			isa = PBXGroup;
			children = (
				158CF8DC1CA79C4C00432A83 /* Alamofire.framework */,
				158CF8DD1CA79C4C00432A83 /* SwiftyJSON.framework */,
			);
			name = Frameworks;
			sourceTree = "<group>";
		};
/* End PBXGroup section */

/* Begin PBXNativeTarget section */
		154412121CA7990C0056700C /* BarcodeCheckoutUser */ = {
			isa = PBXNativeTarget;
			buildConfigurationList = 154412251CA7990C0056700C /* Build configuration list for PBXNativeTarget "BarcodeCheckoutUser" */;
			buildPhases = (
				1544120F1CA7990C0056700C /* Sources */,
				154412101CA7990C0056700C /* Frameworks */,
				154412111CA7990C0056700C /* Resources */,
				158CF8E21CA79C4D00432A83 /* Embed Frameworks */,
			);
			buildRules = (
			);
			dependencies = (
			);
			name = BarcodeCheckoutUser;
			productName = BarcodeCheckoutUser;
			productReference = 154412131CA7990C0056700C /* BarcodeCheckoutUser.app */;
			productType = "com.apple.product-type.application";
		};
/* End PBXNativeTarget section */

/* Begin PBXProject section */
		1544120B1CA7990C0056700C /* Project object */ = {
			isa = PBXProject;
			attributes = {
				LastSwiftUpdateCheck = 0720;
				LastUpgradeCheck = 0720;
				ORGANIZATIONNAME = "Joseph Pecoraro";
				TargetAttributes = {
					154412121CA7990C0056700C = {
						CreatedOnToolsVersion = 7.2.1;
					};
				};
			};
			buildConfigurationList = 1544120E1CA7990C0056700C /* Build configuration list for PBXProject "BarcodeCheckoutUser" */;
			compatibilityVersion = "Xcode 3.2";
			developmentRegion = English;
			hasScannedForEncodings = 0;
			knownRegions = (
				en,
				Base,
			);
			mainGroup = 1544120A1CA7990C0056700C;
			productRefGroup = 154412141CA7990C0056700C /* Products */;
			projectDirPath = "";
			projectRoot = "";
			targets = (
				154412121CA7990C0056700C /* BarcodeCheckoutUser */,
			);
		};
/* End PBXProject section */

/* Begin PBXResourcesBuildPhase section */
		154412111CA7990C0056700C /* Resources */ = {
			isa = PBXResourcesBuildPhase;
			buildActionMask = 2147483647;
			files = (
				154412211CA7990C0056700C /* LaunchScreen.storyboard in Resources */,
				1544121E1CA7990C0056700C /* Assets.xcassets in Resources */,
				1544121C1CA7990C0056700C /* Main.storyboard in Resources */,
			);
			runOnlyForDeploymentPostprocessing = 0;
		};
/* End PBXResourcesBuildPhase section */

/* Begin PBXSourcesBuildPhase section */
		1544120F1CA7990C0056700C /* Sources */ = {
			isa = PBXSourcesBuildPhase;
			buildActionMask = 2147483647;
			files = (
				158CF8CB1CA79A3300432A83 /* BarcodeScannerViewController.swift in Sources */,
				154412191CA7990C0056700C /* ViewController.swift in Sources */,
				158CF8CA1CA79A3300432A83 /* BarcodeFinderView.swift in Sources */,
				154412171CA7990C0056700C /* AppDelegate.swift in Sources */,
				158CF8C91CA79A3300432A83 /* Barcode.swift in Sources */,
			);
			runOnlyForDeploymentPostprocessing = 0;
		};
/* End PBXSourcesBuildPhase section */

/* Begin PBXVariantGroup section */
		1544121A1CA7990C0056700C /* Main.storyboard */ = {
			isa = PBXVariantGroup;
			children = (
				1544121B1CA7990C0056700C /* Base */,
			);
			name = Main.storyboard;
			sourceTree = "<group>";
		};
		1544121F1CA7990C0056700C /* LaunchScreen.storyboard */ = {
			isa = PBXVariantGroup;
			children = (
				154412201CA7990C0056700C /* Base */,
			);
			name = LaunchScreen.storyboard;
			sourceTree = "<group>";
		};
/* End PBXVariantGroup section */

/* Begin XCBuildConfiguration section */
		154412231CA7990C0056700C /* Debug */ = {
			isa = XCBuildConfiguration;
			buildSettings = {
				ALWAYS_SEARCH_USER_PATHS = NO;
				CLANG_CXX_LANGUAGE_STANDARD = "gnu++0x";
				CLANG_CXX_LIBRARY = "libc++";
				CLANG_ENABLE_MODULES = YES;
				CLANG_ENABLE_OBJC_ARC = YES;
				CLANG_WARN_BOOL_CONVERSION = YES;
				CLANG_WARN_CONSTANT_CONVERSION = YES;
				CLANG_WARN_DIRECT_OBJC_ISA_USAGE = YES_ERROR;
				CLANG_WARN_EMPTY_BODY = YES;
				CLANG_WARN_ENUM_CONVERSION = YES;
				CLANG_WARN_INT_CONVERSION = YES;
				CLANG_WARN_OBJC_ROOT_CLASS = YES_ERROR;
				CLANG_WARN_UNREACHABLE_CODE = YES;
				CLANG_WARN__DUPLICATE_METHOD_MATCH = YES;
				"CODE_SIGN_IDENTITY[sdk=iphoneos*]" = "iPhone Developer";
				COPY_PHASE_STRIP = NO;
				DEBUG_INFORMATION_FORMAT = dwarf;
				ENABLE_STRICT_OBJC_MSGSEND = YES;
				ENABLE_TESTABILITY = YES;
				GCC_C_LANGUAGE_STANDARD = gnu99;
				GCC_DYNAMIC_NO_PIC = NO;
				GCC_NO_COMMON_BLOCKS = YES;
				GCC_OPTIMIZATION_LEVEL = 0;
				GCC_PREPROCESSOR_DEFINITIONS = (
					"DEBUG=1",
					"$(inherited)",
				);
				GCC_WARN_64_TO_32_BIT_CONVERSION = YES;
				GCC_WARN_ABOUT_RETURN_TYPE = YES_ERROR;
				GCC_WARN_UNDECLARED_SELECTOR = YES;
				GCC_WARN_UNINITIALIZED_AUTOS = YES_AGGRESSIVE;
				GCC_WARN_UNUSED_FUNCTION = YES;
				GCC_WARN_UNUSED_VARIABLE = YES;
				IPHONEOS_DEPLOYMENT_TARGET = 9.2;
				MTL_ENABLE_DEBUG_INFO = YES;
				ONLY_ACTIVE_ARCH = YES;
				SDKROOT = iphoneos;
				SWIFT_OPTIMIZATION_LEVEL = "-Onone";
			};
			name = Debug;
		};
		154412241CA7990C0056700C /* Release */ = {
			isa = XCBuildConfiguration;
			buildSettings = {
				ALWAYS_SEARCH_USER_PATHS = NO;
				CLANG_CXX_LANGUAGE_STANDARD = "gnu++0x";
				CLANG_CXX_LIBRARY = "libc++";
				CLANG_ENABLE_MODULES = YES;
				CLANG_ENABLE_OBJC_ARC = YES;
				CLANG_WARN_BOOL_CONVERSION = YES;
				CLANG_WARN_CONSTANT_CONVERSION = YES;
				CLANG_WARN_DIRECT_OBJC_ISA_USAGE = YES_ERROR;
				CLANG_WARN_EMPTY_BODY = YES;
				CLANG_WARN_ENUM_CONVERSION = YES;
				CLANG_WARN_INT_CONVERSION = YES;
				CLANG_WARN_OBJC_ROOT_CLASS = YES_ERROR;
				CLANG_WARN_UNREACHABLE_CODE = YES;
				CLANG_WARN__DUPLICATE_METHOD_MATCH = YES;
				"CODE_SIGN_IDENTITY[sdk=iphoneos*]" = "iPhone Developer";
				COPY_PHASE_STRIP = NO;
				DEBUG_INFORMATION_FORMAT = "dwarf-with-dsym";
				ENABLE_NS_ASSERTIONS = NO;
				ENABLE_STRICT_OBJC_MSGSEND = YES;
				GCC_C_LANGUAGE_STANDARD = gnu99;
				GCC_NO_COMMON_BLOCKS = YES;
				GCC_WARN_64_TO_32_BIT_CONVERSION = YES;
				GCC_WARN_ABOUT_RETURN_TYPE = YES_ERROR;
				GCC_WARN_UNDECLARED_SELECTOR = YES;
				GCC_WARN_UNINITIALIZED_AUTOS = YES_AGGRESSIVE;
				GCC_WARN_UNUSED_FUNCTION = YES;
				GCC_WARN_UNUSED_VARIABLE = YES;
				IPHONEOS_DEPLOYMENT_TARGET = 9.2;
				MTL_ENABLE_DEBUG_INFO = NO;
				SDKROOT = iphoneos;
				VALIDATE_PRODUCT = YES;
			};
			name = Release;
		};
		154412261CA7990C0056700C /* Debug */ = {
			isa = XCBuildConfiguration;
			buildSettings = {
				ASSETCATALOG_COMPILER_APPICON_NAME = AppIcon;
				FRAMEWORK_SEARCH_PATHS = (
					"$(inherited)",
					"$(PROJECT_DIR)/Carthage/Build/iOS",
				);
				INFOPLIST_FILE = BarcodeCheckoutUser/Info.plist;
				LD_RUNPATH_SEARCH_PATHS = "$(inherited) @executable_path/Frameworks";
				PRODUCT_BUNDLE_IDENTIFIER = com.josephpecoraro.BarcodeCheckoutUser;
				PRODUCT_NAME = "$(TARGET_NAME)";
			};
			name = Debug;
		};
		154412271CA7990C0056700C /* Release */ = {
			isa = XCBuildConfiguration;
			buildSettings = {
				ASSETCATALOG_COMPILER_APPICON_NAME = AppIcon;
				FRAMEWORK_SEARCH_PATHS = (
					"$(inherited)",
					"$(PROJECT_DIR)/Carthage/Build/iOS",
				);
				INFOPLIST_FILE = BarcodeCheckoutUser/Info.plist;
				LD_RUNPATH_SEARCH_PATHS = "$(inherited) @executable_path/Frameworks";
				PRODUCT_BUNDLE_IDENTIFIER = com.josephpecoraro.BarcodeCheckoutUser;
				PRODUCT_NAME = "$(TARGET_NAME)";
			};
			name = Release;
		};
/* End XCBuildConfiguration section */

/* Begin XCConfigurationList section */
		1544120E1CA7990C0056700C /* Build configuration list for PBXProject "BarcodeCheckoutUser" */ = {
			isa = XCConfigurationList;
			buildConfigurations = (
				154412231CA7990C0056700C /* Debug */,
				154412241CA7990C0056700C /* Release */,
			);
			defaultConfigurationIsVisible = 0;
			defaultConfigurationName = Release;
		};
		154412251CA7990C0056700C /* Build configuration list for PBXNativeTarget "BarcodeCheckoutUser" */ = {
			isa = XCConfigurationList;
			buildConfigurations = (
				154412261CA7990C0056700C /* Debug */,
				154412271CA7990C0056700C /* Release */,
			);
			defaultConfigurationIsVisible = 0;
			defaultConfigurationName = Release;
		};
/* End XCConfigurationList section */
	};
	rootObject = 1544120B1CA7990C0056700C /* Project object */;
}
